
Microsoft Visual Studio Solution File, Format Version 12.00
# Visual Studio Version 16
VisualStudioVersion = 16.0.30011.22
MinimumVisualStudioVersion = 10.0.40219.1
Project("{FAE04EC0-301F-11D3-BF4B-00C04F79EFBC}") = "ConsoleApp1", "ConsoleApp1.csproj", "{DBCD9FAC-F2CE-4DA9-9D5C-E2366A5503EC}"
EndProject
Global
	GlobalSection(SolutionConfigurationPlatforms) = preSolution
		Debug|Any CPU = Debug|Any CPU
		Release|Any CPU = Release|Any CPU
	EndGlobalSection
	GlobalSection(ProjectConfigurationPlatforms) = postSolution
		{DBCD9FAC-F2CE-4DA9-9D5C-E2366A5503EC}.Debug|Any CPU.ActiveCfg = Debug|Any CPU
		{DBCD9FAC-F2CE-4DA9-9D5C-E2366A5503EC}.Debug|Any CPU.Build.0 = Debug|Any CPU
		{DBCD9FAC-F2CE-4DA9-9D5C-E2366A5503EC}.Release|Any CPU.ActiveCfg = Release|Any CPU
		{DBCD9FAC-F2CE-4DA9-9D5C-E2366A5503EC}.Release|Any CPU.Build.0 = Release|Any CPU
	EndGlobalSection
	GlobalSection(SolutionProperties) = preSolution
		HideSolutionNode = FALSE
	EndGlobalSection
	GlobalSection(ExtensibilityGlobals) = postSolution
		SolutionGuid = {E0336B41-7839-491E-96E7-3F1E7ADE2507}
	EndGlobalSection
EndGlobal
